
Microsoft Visual Studio Solution File, Format Version 12.00
# Visual Studio Version 16
VisualStudioVersion = 16.0.28803.352
MinimumVisualStudioVersion = 10.0.40219.1
Project("{FAE04EC0-301F-11D3-BF4B-00C04F79EFBC}") = "BoxID_GR1_WPF", "BoxID_GR1_WPF.csproj", "{F1416E1E-6C3D-47D1-B778-60AA227EAB14}"
EndProject
Global
	GlobalSection(SolutionConfigurationPlatforms) = preSolution
		Debug|Any CPU = Debug|Any CPU
		Release|Any CPU = Release|Any CPU
	EndGlobalSection
	GlobalSection(ProjectConfigurationPlatforms) = postSolution
		{F1416E1E-6C3D-47D1-B778-60AA227EAB14}.Debug|Any CPU.ActiveCfg = Debug|Any CPU
		{F1416E1E-6C3D-47D1-B778-60AA227EAB14}.Debug|Any CPU.Build.0 = Debug|Any CPU
		{F1416E1E-6C3D-47D1-B778-60AA227EAB14}.Release|Any CPU.ActiveCfg = Release|Any CPU
		{F1416E1E-6C3D-47D1-B778-60AA227EAB14}.Release|Any CPU.Build.0 = Release|Any CPU
	EndGlobalSection
	GlobalSection(SolutionProperties) = preSolution
		HideSolutionNode = FALSE
	EndGlobalSection
	GlobalSection(ExtensibilityGlobals) = postSolution
		SolutionGuid = {EE4401B5-B70F-4918-ADCA-E3B29281288E}
	EndGlobalSection
EndGlobal
